
Microsoft Visual Studio Solution File, Format Version 12.00
# Visual Studio 15
VisualStudioVersion = 15.0.28010.2036
MinimumVisualStudioVersion = 10.0.40219.1
Project("{FAE04EC0-301F-11D3-BF4B-00C04F79EFBC}") = "KpaSr", "KpaSr\KpaSr.csproj", "{BC6AF810-5D67-4610-8975-10D674ECD5B1}"
EndProject
Project("{FAE04EC0-301F-11D3-BF4B-00C04F79EFBC}") = "PowerFrameControlUnit", "PowerFrameControlUnit\PowerFrameControlUnit.csproj", "{C69FB025-C594-4EC7-A896-D9075BBC8B90}"
EndProject
Project("{FAE04EC0-301F-11D3-BF4B-00C04F79EFBC}") = "TdkLambdaZPlus", "TdkLambdaZPlus\TdkLambdaZPlus.csproj", "{0CD40516-1860-481B-B751-DA8AF5A8E9A5}"
EndProject
Project("{FAE04EC0-301F-11D3-BF4B-00C04F79EFBC}") = "InterfaceRS232", "InterfaceRS232\InterfaceRS232.csproj", "{0A20997C-1FB6-42AF-8ADE-0AC113818A2F}"
EndProject
Project("{FAE04EC0-301F-11D3-BF4B-00C04F79EFBC}") = "UnitTestInterfaceRS232", "UnitTestInterfaceRS232\UnitTestInterfaceRS232.csproj", "{29C7432C-96CE-430A-879A-E9DBB7DA5479}"
EndProject
Project("{FAE04EC0-301F-11D3-BF4B-00C04F79EFBC}") = "UnitTestPowerFrameControlUnit", "UnitTestPowerFrameControlUnit\UnitTestPowerFrameControlUnit.csproj", "{CD66522D-B56E-4486-9348-85A8FED862C7}"
EndProject
Project("{FAE04EC0-301F-11D3-BF4B-00C04F79EFBC}") = "UnitTestTdkLambdaZPlus", "UnitTestTdkLambdaZPlus\UnitTestTdkLambdaZPlus.csproj", "{179A3191-3A09-453D-AED2-644C936A96D7}"
EndProject
Global
	GlobalSection(SolutionConfigurationPlatforms) = preSolution
		Debug|Any CPU = Debug|Any CPU
		Release|Any CPU = Release|Any CPU
	EndGlobalSection
	GlobalSection(ProjectConfigurationPlatforms) = postSolution
		{BC6AF810-5D67-4610-8975-10D674ECD5B1}.Debug|Any CPU.ActiveCfg = Debug|Any CPU
		{BC6AF810-5D67-4610-8975-10D674ECD5B1}.Debug|Any CPU.Build.0 = Debug|Any CPU
		{BC6AF810-5D67-4610-8975-10D674ECD5B1}.Release|Any CPU.ActiveCfg = Release|Any CPU
		{BC6AF810-5D67-4610-8975-10D674ECD5B1}.Release|Any CPU.Build.0 = Release|Any CPU
		{C69FB025-C594-4EC7-A896-D9075BBC8B90}.Debug|Any CPU.ActiveCfg = Debug|Any CPU
		{C69FB025-C594-4EC7-A896-D9075BBC8B90}.Debug|Any CPU.Build.0 = Debug|Any CPU
		{C69FB025-C594-4EC7-A896-D9075BBC8B90}.Release|Any CPU.ActiveCfg = Release|Any CPU
		{C69FB025-C594-4EC7-A896-D9075BBC8B90}.Release|Any CPU.Build.0 = Release|Any CPU
		{0CD40516-1860-481B-B751-DA8AF5A8E9A5}.Debug|Any CPU.ActiveCfg = Debug|Any CPU
		{0CD40516-1860-481B-B751-DA8AF5A8E9A5}.Debug|Any CPU.Build.0 = Debug|Any CPU
		{0CD40516-1860-481B-B751-DA8AF5A8E9A5}.Release|Any CPU.ActiveCfg = Release|Any CPU
		{0CD40516-1860-481B-B751-DA8AF5A8E9A5}.Release|Any CPU.Build.0 = Release|Any CPU
		{0A20997C-1FB6-42AF-8ADE-0AC113818A2F}.Debug|Any CPU.ActiveCfg = Debug|Any CPU
		{0A20997C-1FB6-42AF-8ADE-0AC113818A2F}.Debug|Any CPU.Build.0 = Debug|Any CPU
		{0A20997C-1FB6-42AF-8ADE-0AC113818A2F}.Release|Any CPU.ActiveCfg = Release|Any CPU
		{0A20997C-1FB6-42AF-8ADE-0AC113818A2F}.Release|Any CPU.Build.0 = Release|Any CPU
		{29C7432C-96CE-430A-879A-E9DBB7DA5479}.Debug|Any CPU.ActiveCfg = Debug|Any CPU
		{29C7432C-96CE-430A-879A-E9DBB7DA5479}.Debug|Any CPU.Build.0 = Debug|Any CPU
		{29C7432C-96CE-430A-879A-E9DBB7DA5479}.Release|Any CPU.ActiveCfg = Release|Any CPU
		{29C7432C-96CE-430A-879A-E9DBB7DA5479}.Release|Any CPU.Build.0 = Release|Any CPU
		{CD66522D-B56E-4486-9348-85A8FED862C7}.Debug|Any CPU.ActiveCfg = Debug|Any CPU
		{CD66522D-B56E-4486-9348-85A8FED862C7}.Debug|Any CPU.Build.0 = Debug|Any CPU
		{CD66522D-B56E-4486-9348-85A8FED862C7}.Release|Any CPU.ActiveCfg = Release|Any CPU
		{CD66522D-B56E-4486-9348-85A8FED862C7}.Release|Any CPU.Build.0 = Release|Any CPU
		{179A3191-3A09-453D-AED2-644C936A96D7}.Debug|Any CPU.ActiveCfg = Debug|Any CPU
		{179A3191-3A09-453D-AED2-644C936A96D7}.Debug|Any CPU.Build.0 = Debug|Any CPU
		{179A3191-3A09-453D-AED2-644C936A96D7}.Release|Any CPU.ActiveCfg = Release|Any CPU
		{179A3191-3A09-453D-AED2-644C936A96D7}.Release|Any CPU.Build.0 = Release|Any CPU
	EndGlobalSection
	GlobalSection(SolutionProperties) = preSolution
		HideSolutionNode = FALSE
	EndGlobalSection
	GlobalSection(ExtensibilityGlobals) = postSolution
		SolutionGuid = {D07FDCD4-6D18-462D-A1CD-721CA80AA1F8}
	EndGlobalSection
EndGlobal
